
Microsoft Visual Studio Solution File, Format Version 12.00
# Visual Studio Version 17
VisualStudioVersion = 17.3.32804.467
MinimumVisualStudioVersion = 10.0.40219.1
Project("{8BC9CEB8-8B4A-11D0-8D11-00A0C91BC942}") = "LinearCPP", "LinearCPP\LinearCPP.vcxproj", "{CB7721F2-7AF3-4CF2-8DA7-5DCDC7CBB581}"
EndProject
Project("{888888A0-9F3D-457C-B088-3A5042F75D52}") = "LinearPython", "LinearPython\LinearPython.pyproj", "{E4C3A025-E264-438A-8865-9E767D5F71EC}"
EndProject
Project("{8BC9CEB8-8B4A-11D0-8D11-00A0C91BC942}") = "RoutinesCPP", "RoutinesCPP\RoutinesCPP.vcxproj", "{6417BD23-F6BB-4192-B774-5BDA779505DD}"
EndProject
Project("{888888A0-9F3D-457C-B088-3A5042F75D52}") = "RoutinesPython", "RoutinesPython\RoutinesPython.pyproj", "{E4386CF5-5330-47F2-AF8B-BD440B6F5B58}"
EndProject
Project("{2150E333-8FDC-42A3-9474-1A3956D46DE8}") = "1st_semester", "1st_semester", "{AB3AF8FA-0526-45D7-9AEA-4D77F3D1E14D}"
EndProject
Project("{8BC9CEB8-8B4A-11D0-8D11-00A0C91BC942}") = "ClassesCPP", "ClassesCPP\ClassesCPP.vcxproj", "{1A831D77-290E-407F-A0C7-3247EC5332F1}"
EndProject
Project("{888888A0-9F3D-457C-B088-3A5042F75D52}") = "ClassesPython", "ClassesPython\ClassesPython.pyproj", "{9B024940-4695-4FB6-946A-551703A33EA1}"
EndProject
Project("{8BC9CEB8-8B4A-11D0-8D11-00A0C91BC942}") = "ConstructAndDestructCPP", "ConstructAndDestructCPP\ConstructAndDestructCPP.vcxproj", "{C1D29949-57F2-4471-9386-8FB8FB7DA03B}"
EndProject
Project("{888888A0-9F3D-457C-B088-3A5042F75D52}") = "ConstructAndDestructPython", "ConstructAndDestructPython\ConstructAndDestructPython.pyproj", "{CB1A74D9-1A35-415A-865D-918C2AE1AB5D}"
EndProject
Project("{8BC9CEB8-8B4A-11D0-8D11-00A0C91BC942}") = "OverloadingCPP", "OverloadingCPP\OverloadingCPP.vcxproj", "{A6BEB07C-F50C-4E37-9FEC-A324485CF770}"
EndProject
Project("{888888A0-9F3D-457C-B088-3A5042F75D52}") = "OverloadingPython", "OverloadingPython\OverloadingPython.pyproj", "{0A591D1B-9285-4D51-8C41-6190F0AB09E6}"
EndProject
Project("{8BC9CEB8-8B4A-11D0-8D11-00A0C91BC942}") = "ExceptionsCPP", "ExceptionsCPP\ExceptionsCPP.vcxproj", "{9195D260-DBA0-4875-B7A2-2EF384A8FA42}"
EndProject
Project("{888888A0-9F3D-457C-B088-3A5042F75D52}") = "ExceptionsPython", "ExceptionsPython\ExceptionsPython.pyproj", "{EA781BA9-171E-43E1-91D1-D91776B95564}"
EndProject
Project("{2150E333-8FDC-42A3-9474-1A3956D46DE8}") = "2nd_semester", "2nd_semester", "{EED1BFD7-09B6-4BCC-B5C3-3F9F924560AC}"
EndProject
Project("{8BC9CEB8-8B4A-11D0-8D11-00A0C91BC942}") = "InheritanceCPP", "InheritanceCPP\InheritanceCPP.vcxproj", "{1A046D2D-0198-4564-B27B-7B95E073795D}"
EndProject
Project("{888888A0-9F3D-457C-B088-3A5042F75D52}") = "InheritancePython", "InheritancePython\InheritancePython.pyproj", "{198D2A7A-0765-4AB0-B74B-67B3CB9AF316}"
EndProject
Project("{8BC9CEB8-8B4A-11D0-8D11-00A0C91BC942}") = "InterfacesCPP", "InterfacesCPP\InterfacesCPP.vcxproj", "{CE493B00-9419-4AE5-81FC-9F70E9CF17AE}"
EndProject
Project("{888888A0-9F3D-457C-B088-3A5042F75D52}") = "InterfacesPython", "InterfacesPython\InterfacesPython.pyproj", "{0FC1B83F-ADFD-4334-B5C2-B8D800EECED5}"
EndProject
Project("{8BC9CEB8-8B4A-11D0-8D11-00A0C91BC942}") = "CalculatorCPP", "CalculatorCPP\CalculatorCPP.vcxproj", "{626AA771-4433-482F-95DA-1C4616A6547B}"
EndProject
Project("{888888A0-9F3D-457C-B088-3A5042F75D52}") = "CalculatorPython", "CalculatorPython\CalculatorPython.pyproj", "{BF0E2A87-7B6D-4603-A38C-9D645831D687}"
EndProject
Project("{2150E333-8FDC-42A3-9474-1A3956D46DE8}") = "3th_semester", "3th_semester", "{736569FC-0A45-4262-8984-EC19836A6757}"
EndProject
Project("{8BC9CEB8-8B4A-11D0-8D11-00A0C91BC942}") = "ObserverCPP", "ObserverCPP\ObserverCPP.vcxproj", "{90E425FA-E6BC-4CE1-9E12-746177CF13BA}"
EndProject
Project("{888888A0-9F3D-457C-B088-3A5042F75D52}") = "ObserverPython", "ObserverPython\ObserverPython.pyproj", "{D10E3B0E-60BB-4908-9EA5-C20733140BE5}"
EndProject
Project("{8BC9CEB8-8B4A-11D0-8D11-00A0C91BC942}") = "PizzaCPP", "PizzaCPP\PizzaCPP.vcxproj", "{E0E42EC6-AD2B-439B-8473-F0670EBD8E93}"
EndProject
Global
	GlobalSection(SolutionConfigurationPlatforms) = preSolution
		Debug|Any CPU = Debug|Any CPU
		Debug|x64 = Debug|x64
		Debug|x86 = Debug|x86
		Release|Any CPU = Release|Any CPU
		Release|x64 = Release|x64
		Release|x86 = Release|x86
	EndGlobalSection
	GlobalSection(ProjectConfigurationPlatforms) = postSolution
		{CB7721F2-7AF3-4CF2-8DA7-5DCDC7CBB581}.Debug|Any CPU.ActiveCfg = Debug|x64
		{CB7721F2-7AF3-4CF2-8DA7-5DCDC7CBB581}.Debug|Any CPU.Build.0 = Debug|x64
		{CB7721F2-7AF3-4CF2-8DA7-5DCDC7CBB581}.Debug|x64.ActiveCfg = Debug|x64
		{CB7721F2-7AF3-4CF2-8DA7-5DCDC7CBB581}.Debug|x64.Build.0 = Debug|x64
		{CB7721F2-7AF3-4CF2-8DA7-5DCDC7CBB581}.Debug|x86.ActiveCfg = Debug|Win32
		{CB7721F2-7AF3-4CF2-8DA7-5DCDC7CBB581}.Debug|x86.Build.0 = Debug|Win32
		{CB7721F2-7AF3-4CF2-8DA7-5DCDC7CBB581}.Release|Any CPU.ActiveCfg = Release|x64
		{CB7721F2-7AF3-4CF2-8DA7-5DCDC7CBB581}.Release|Any CPU.Build.0 = Release|x64
		{CB7721F2-7AF3-4CF2-8DA7-5DCDC7CBB581}.Release|x64.ActiveCfg = Release|x64
		{CB7721F2-7AF3-4CF2-8DA7-5DCDC7CBB581}.Release|x64.Build.0 = Release|x64
		{CB7721F2-7AF3-4CF2-8DA7-5DCDC7CBB581}.Release|x86.ActiveCfg = Release|Win32
		{CB7721F2-7AF3-4CF2-8DA7-5DCDC7CBB581}.Release|x86.Build.0 = Release|Win32
		{E4C3A025-E264-438A-8865-9E767D5F71EC}.Debug|Any CPU.ActiveCfg = Debug|Any CPU
		{E4C3A025-E264-438A-8865-9E767D5F71EC}.Debug|x64.ActiveCfg = Debug|Any CPU
		{E4C3A025-E264-438A-8865-9E767D5F71EC}.Debug|x86.ActiveCfg = Debug|Any CPU
		{E4C3A025-E264-438A-8865-9E767D5F71EC}.Release|Any CPU.ActiveCfg = Release|Any CPU
		{E4C3A025-E264-438A-8865-9E767D5F71EC}.Release|x64.ActiveCfg = Release|Any CPU
		{E4C3A025-E264-438A-8865-9E767D5F71EC}.Release|x86.ActiveCfg = Release|Any CPU
		{6417BD23-F6BB-4192-B774-5BDA779505DD}.Debug|Any CPU.ActiveCfg = Debug|x64
		{6417BD23-F6BB-4192-B774-5BDA779505DD}.Debug|Any CPU.Build.0 = Debug|x64
		{6417BD23-F6BB-4192-B774-5BDA779505DD}.Debug|x64.ActiveCfg = Debug|x64
		{6417BD23-F6BB-4192-B774-5BDA779505DD}.Debug|x64.Build.0 = Debug|x64
		{6417BD23-F6BB-4192-B774-5BDA779505DD}.Debug|x86.ActiveCfg = Debug|Win32
		{6417BD23-F6BB-4192-B774-5BDA779505DD}.Debug|x86.Build.0 = Debug|Win32
		{6417BD23-F6BB-4192-B774-5BDA779505DD}.Release|Any CPU.ActiveCfg = Release|x64
		{6417BD23-F6BB-4192-B774-5BDA779505DD}.Release|Any CPU.Build.0 = Release|x64
		{6417BD23-F6BB-4192-B774-5BDA779505DD}.Release|x64.ActiveCfg = Release|x64
		{6417BD23-F6BB-4192-B774-5BDA779505DD}.Release|x64.Build.0 = Release|x64
		{6417BD23-F6BB-4192-B774-5BDA779505DD}.Release|x86.ActiveCfg = Release|Win32
		{6417BD23-F6BB-4192-B774-5BDA779505DD}.Release|x86.Build.0 = Release|Win32
		{E4386CF5-5330-47F2-AF8B-BD440B6F5B58}.Debug|Any CPU.ActiveCfg = Debug|Any CPU
		{E4386CF5-5330-47F2-AF8B-BD440B6F5B58}.Debug|x64.ActiveCfg = Debug|Any CPU
		{E4386CF5-5330-47F2-AF8B-BD440B6F5B58}.Debug|x86.ActiveCfg = Debug|Any CPU
		{E4386CF5-5330-47F2-AF8B-BD440B6F5B58}.Release|Any CPU.ActiveCfg = Release|Any CPU
		{E4386CF5-5330-47F2-AF8B-BD440B6F5B58}.Release|x64.ActiveCfg = Release|Any CPU
		{E4386CF5-5330-47F2-AF8B-BD440B6F5B58}.Release|x86.ActiveCfg = Release|Any CPU
		{1A831D77-290E-407F-A0C7-3247EC5332F1}.Debug|Any CPU.ActiveCfg = Debug|x64
		{1A831D77-290E-407F-A0C7-3247EC5332F1}.Debug|Any CPU.Build.0 = Debug|x64
		{1A831D77-290E-407F-A0C7-3247EC5332F1}.Debug|x64.ActiveCfg = Debug|x64
		{1A831D77-290E-407F-A0C7-3247EC5332F1}.Debug|x64.Build.0 = Debug|x64
		{1A831D77-290E-407F-A0C7-3247EC5332F1}.Debug|x86.ActiveCfg = Debug|Win32
		{1A831D77-290E-407F-A0C7-3247EC5332F1}.Debug|x86.Build.0 = Debug|Win32
		{1A831D77-290E-407F-A0C7-3247EC5332F1}.Release|Any CPU.ActiveCfg = Release|x64
		{1A831D77-290E-407F-A0C7-3247EC5332F1}.Release|Any CPU.Build.0 = Release|x64
		{1A831D77-290E-407F-A0C7-3247EC5332F1}.Release|x64.ActiveCfg = Release|x64
		{1A831D77-290E-407F-A0C7-3247EC5332F1}.Release|x64.Build.0 = Release|x64
		{1A831D77-290E-407F-A0C7-3247EC5332F1}.Release|x86.ActiveCfg = Release|Win32
		{1A831D77-290E-407F-A0C7-3247EC5332F1}.Release|x86.Build.0 = Release|Win32
		{9B024940-4695-4FB6-946A-551703A33EA1}.Debug|Any CPU.ActiveCfg = Debug|Any CPU
		{9B024940-4695-4FB6-946A-551703A33EA1}.Debug|x64.ActiveCfg = Debug|Any CPU
		{9B024940-4695-4FB6-946A-551703A33EA1}.Debug|x86.ActiveCfg = Debug|Any CPU
		{9B024940-4695-4FB6-946A-551703A33EA1}.Release|Any CPU.ActiveCfg = Release|Any CPU
		{9B024940-4695-4FB6-946A-551703A33EA1}.Release|x64.ActiveCfg = Release|Any CPU
		{9B024940-4695-4FB6-946A-551703A33EA1}.Release|x86.ActiveCfg = Release|Any CPU
		{C1D29949-57F2-4471-9386-8FB8FB7DA03B}.Debug|Any CPU.ActiveCfg = Debug|x64
		{C1D29949-57F2-4471-9386-8FB8FB7DA03B}.Debug|Any CPU.Build.0 = Debug|x64
		{C1D29949-57F2-4471-9386-8FB8FB7DA03B}.Debug|x64.ActiveCfg = Debug|x64
		{C1D29949-57F2-4471-9386-8FB8FB7DA03B}.Debug|x64.Build.0 = Debug|x64
		{C1D29949-57F2-4471-9386-8FB8FB7DA03B}.Debug|x86.ActiveCfg = Debug|Win32
		{C1D29949-57F2-4471-9386-8FB8FB7DA03B}.Debug|x86.Build.0 = Debug|Win32
		{C1D29949-57F2-4471-9386-8FB8FB7DA03B}.Release|Any CPU.ActiveCfg = Release|x64
		{C1D29949-57F2-4471-9386-8FB8FB7DA03B}.Release|Any CPU.Build.0 = Release|x64
		{C1D29949-57F2-4471-9386-8FB8FB7DA03B}.Release|x64.ActiveCfg = Release|x64
		{C1D29949-57F2-4471-9386-8FB8FB7DA03B}.Release|x64.Build.0 = Release|x64
		{C1D29949-57F2-4471-9386-8FB8FB7DA03B}.Release|x86.ActiveCfg = Release|Win32
		{C1D29949-57F2-4471-9386-8FB8FB7DA03B}.Release|x86.Build.0 = Release|Win32
		{CB1A74D9-1A35-415A-865D-918C2AE1AB5D}.Debug|Any CPU.ActiveCfg = Debug|Any CPU
		{CB1A74D9-1A35-415A-865D-918C2AE1AB5D}.Debug|x64.ActiveCfg = Debug|Any CPU
		{CB1A74D9-1A35-415A-865D-918C2AE1AB5D}.Debug|x86.ActiveCfg = Debug|Any CPU
		{CB1A74D9-1A35-415A-865D-918C2AE1AB5D}.Release|Any CPU.ActiveCfg = Release|Any CPU
		{CB1A74D9-1A35-415A-865D-918C2AE1AB5D}.Release|x64.ActiveCfg = Release|Any CPU
		{CB1A74D9-1A35-415A-865D-918C2AE1AB5D}.Release|x86.ActiveCfg = Release|Any CPU
		{A6BEB07C-F50C-4E37-9FEC-A324485CF770}.Debug|Any CPU.ActiveCfg = Debug|x64
		{A6BEB07C-F50C-4E37-9FEC-A324485CF770}.Debug|Any CPU.Build.0 = Debug|x64
		{A6BEB07C-F50C-4E37-9FEC-A324485CF770}.Debug|x64.ActiveCfg = Debug|x64
		{A6BEB07C-F50C-4E37-9FEC-A324485CF770}.Debug|x64.Build.0 = Debug|x64
		{A6BEB07C-F50C-4E37-9FEC-A324485CF770}.Debug|x86.ActiveCfg = Debug|Win32
		{A6BEB07C-F50C-4E37-9FEC-A324485CF770}.Debug|x86.Build.0 = Debug|Win32
		{A6BEB07C-F50C-4E37-9FEC-A324485CF770}.Release|Any CPU.ActiveCfg = Release|x64
		{A6BEB07C-F50C-4E37-9FEC-A324485CF770}.Release|Any CPU.Build.0 = Release|x64
		{A6BEB07C-F50C-4E37-9FEC-A324485CF770}.Release|x64.ActiveCfg = Release|x64
		{A6BEB07C-F50C-4E37-9FEC-A324485CF770}.Release|x64.Build.0 = Release|x64
		{A6BEB07C-F50C-4E37-9FEC-A324485CF770}.Release|x86.ActiveCfg = Release|Win32
		{A6BEB07C-F50C-4E37-9FEC-A324485CF770}.Release|x86.Build.0 = Release|Win32
		{0A591D1B-9285-4D51-8C41-6190F0AB09E6}.Debug|Any CPU.ActiveCfg = Debug|Any CPU
		{0A591D1B-9285-4D51-8C41-6190F0AB09E6}.Debug|x64.ActiveCfg = Debug|Any CPU
		{0A591D1B-9285-4D51-8C41-6190F0AB09E6}.Debug|x86.ActiveCfg = Debug|Any CPU
		{0A591D1B-9285-4D51-8C41-6190F0AB09E6}.Release|Any CPU.ActiveCfg = Release|Any CPU
		{0A591D1B-9285-4D51-8C41-6190F0AB09E6}.Release|x64.ActiveCfg = Release|Any CPU
		{0A591D1B-9285-4D51-8C41-6190F0AB09E6}.Release|x86.ActiveCfg = Release|Any CPU
		{9195D260-DBA0-4875-B7A2-2EF384A8FA42}.Debug|Any CPU.ActiveCfg = Debug|x64
		{9195D260-DBA0-4875-B7A2-2EF384A8FA42}.Debug|Any CPU.Build.0 = Debug|x64
		{9195D260-DBA0-4875-B7A2-2EF384A8FA42}.Debug|x64.ActiveCfg = Debug|x64
		{9195D260-DBA0-4875-B7A2-2EF384A8FA42}.Debug|x64.Build.0 = Debug|x64
		{9195D260-DBA0-4875-B7A2-2EF384A8FA42}.Debug|x86.ActiveCfg = Debug|Win32
		{9195D260-DBA0-4875-B7A2-2EF384A8FA42}.Debug|x86.Build.0 = Debug|Win32
		{9195D260-DBA0-4875-B7A2-2EF384A8FA42}.Release|Any CPU.ActiveCfg = Release|x64
		{9195D260-DBA0-4875-B7A2-2EF384A8FA42}.Release|Any CPU.Build.0 = Release|x64
		{9195D260-DBA0-4875-B7A2-2EF384A8FA42}.Release|x64.ActiveCfg = Release|x64
		{9195D260-DBA0-4875-B7A2-2EF384A8FA42}.Release|x64.Build.0 = Release|x64
		{9195D260-DBA0-4875-B7A2-2EF384A8FA42}.Release|x86.ActiveCfg = Release|Win32
		{9195D260-DBA0-4875-B7A2-2EF384A8FA42}.Release|x86.Build.0 = Release|Win32
		{EA781BA9-171E-43E1-91D1-D91776B95564}.Debug|Any CPU.ActiveCfg = Debug|Any CPU
		{EA781BA9-171E-43E1-91D1-D91776B95564}.Debug|x64.ActiveCfg = Debug|Any CPU
		{EA781BA9-171E-43E1-91D1-D91776B95564}.Debug|x86.ActiveCfg = Debug|Any CPU
		{EA781BA9-171E-43E1-91D1-D91776B95564}.Release|Any CPU.ActiveCfg = Release|Any CPU
		{EA781BA9-171E-43E1-91D1-D91776B95564}.Release|x64.ActiveCfg = Release|Any CPU
		{EA781BA9-171E-43E1-91D1-D91776B95564}.Release|x86.ActiveCfg = Release|Any CPU
		{1A046D2D-0198-4564-B27B-7B95E073795D}.Debug|Any CPU.ActiveCfg = Debug|x64
		{1A046D2D-0198-4564-B27B-7B95E073795D}.Debug|Any CPU.Build.0 = Debug|x64
		{1A046D2D-0198-4564-B27B-7B95E073795D}.Debug|x64.ActiveCfg = Debug|x64
		{1A046D2D-0198-4564-B27B-7B95E073795D}.Debug|x64.Build.0 = Debug|x64
		{1A046D2D-0198-4564-B27B-7B95E073795D}.Debug|x86.ActiveCfg = Debug|Win32
		{1A046D2D-0198-4564-B27B-7B95E073795D}.Debug|x86.Build.0 = Debug|Win32
		{1A046D2D-0198-4564-B27B-7B95E073795D}.Release|Any CPU.ActiveCfg = Release|x64
		{1A046D2D-0198-4564-B27B-7B95E073795D}.Release|Any CPU.Build.0 = Release|x64
		{1A046D2D-0198-4564-B27B-7B95E073795D}.Release|x64.ActiveCfg = Release|x64
		{1A046D2D-0198-4564-B27B-7B95E073795D}.Release|x64.Build.0 = Release|x64
		{1A046D2D-0198-4564-B27B-7B95E073795D}.Release|x86.ActiveCfg = Release|Win32
		{1A046D2D-0198-4564-B27B-7B95E073795D}.Release|x86.Build.0 = Release|Win32
		{198D2A7A-0765-4AB0-B74B-67B3CB9AF316}.Debug|Any CPU.ActiveCfg = Debug|Any CPU
		{198D2A7A-0765-4AB0-B74B-67B3CB9AF316}.Debug|x64.ActiveCfg = Debug|Any CPU
		{198D2A7A-0765-4AB0-B74B-67B3CB9AF316}.Debug|x86.ActiveCfg = Debug|Any CPU
		{198D2A7A-0765-4AB0-B74B-67B3CB9AF316}.Release|Any CPU.ActiveCfg = Release|Any CPU
		{198D2A7A-0765-4AB0-B74B-67B3CB9AF316}.Release|x64.ActiveCfg = Release|Any CPU
		{198D2A7A-0765-4AB0-B74B-67B3CB9AF316}.Release|x86.ActiveCfg = Release|Any CPU
		{CE493B00-9419-4AE5-81FC-9F70E9CF17AE}.Debug|Any CPU.ActiveCfg = Debug|x64
		{CE493B00-9419-4AE5-81FC-9F70E9CF17AE}.Debug|Any CPU.Build.0 = Debug|x64
		{CE493B00-9419-4AE5-81FC-9F70E9CF17AE}.Debug|x64.ActiveCfg = Debug|x64
		{CE493B00-9419-4AE5-81FC-9F70E9CF17AE}.Debug|x64.Build.0 = Debug|x64
		{CE493B00-9419-4AE5-81FC-9F70E9CF17AE}.Debug|x86.ActiveCfg = Debug|Win32
		{CE493B00-9419-4AE5-81FC-9F70E9CF17AE}.Debug|x86.Build.0 = Debug|Win32
		{CE493B00-9419-4AE5-81FC-9F70E9CF17AE}.Release|Any CPU.ActiveCfg = Release|x64
		{CE493B00-9419-4AE5-81FC-9F70E9CF17AE}.Release|Any CPU.Build.0 = Release|x64
		{CE493B00-9419-4AE5-81FC-9F70E9CF17AE}.Release|x64.ActiveCfg = Release|x64
		{CE493B00-9419-4AE5-81FC-9F70E9CF17AE}.Release|x64.Build.0 = Release|x64
		{CE493B00-9419-4AE5-81FC-9F70E9CF17AE}.Release|x86.ActiveCfg = Release|Win32
		{CE493B00-9419-4AE5-81FC-9F70E9CF17AE}.Release|x86.Build.0 = Release|Win32
		{0FC1B83F-ADFD-4334-B5C2-B8D800EECED5}.Debug|Any CPU.ActiveCfg = Debug|Any CPU
		{0FC1B83F-ADFD-4334-B5C2-B8D800EECED5}.Debug|x64.ActiveCfg = Debug|Any CPU
		{0FC1B83F-ADFD-4334-B5C2-B8D800EECED5}.Debug|x86.ActiveCfg = Debug|Any CPU
		{0FC1B83F-ADFD-4334-B5C2-B8D800EECED5}.Release|Any CPU.ActiveCfg = Release|Any CPU
		{0FC1B83F-ADFD-4334-B5C2-B8D800EECED5}.Release|x64.ActiveCfg = Release|Any CPU
		{0FC1B83F-ADFD-4334-B5C2-B8D800EECED5}.Release|x86.ActiveCfg = Release|Any CPU
		{626AA771-4433-482F-95DA-1C4616A6547B}.Debug|Any CPU.ActiveCfg = Debug|x64
		{626AA771-4433-482F-95DA-1C4616A6547B}.Debug|Any CPU.Build.0 = Debug|x64
		{626AA771-4433-482F-95DA-1C4616A6547B}.Debug|x64.ActiveCfg = Debug|x64
		{626AA771-4433-482F-95DA-1C4616A6547B}.Debug|x64.Build.0 = Debug|x64
		{626AA771-4433-482F-95DA-1C4616A6547B}.Debug|x86.ActiveCfg = Debug|Win32
		{626AA771-4433-482F-95DA-1C4616A6547B}.Debug|x86.Build.0 = Debug|Win32
		{626AA771-4433-482F-95DA-1C4616A6547B}.Release|Any CPU.ActiveCfg = Release|x64
		{626AA771-4433-482F-95DA-1C4616A6547B}.Release|Any CPU.Build.0 = Release|x64
		{626AA771-4433-482F-95DA-1C4616A6547B}.Release|x64.ActiveCfg = Release|x64
		{626AA771-4433-482F-95DA-1C4616A6547B}.Release|x64.Build.0 = Release|x64
		{626AA771-4433-482F-95DA-1C4616A6547B}.Release|x86.ActiveCfg = Release|Win32
		{626AA771-4433-482F-95DA-1C4616A6547B}.Release|x86.Build.0 = Release|Win32
		{BF0E2A87-7B6D-4603-A38C-9D645831D687}.Debug|Any CPU.ActiveCfg = Debug|Any CPU
		{BF0E2A87-7B6D-4603-A38C-9D645831D687}.Debug|x64.ActiveCfg = Debug|Any CPU
		{BF0E2A87-7B6D-4603-A38C-9D645831D687}.Debug|x86.ActiveCfg = Debug|Any CPU
		{BF0E2A87-7B6D-4603-A38C-9D645831D687}.Release|Any CPU.ActiveCfg = Release|Any CPU
		{BF0E2A87-7B6D-4603-A38C-9D645831D687}.Release|x64.ActiveCfg = Release|Any CPU
		{BF0E2A87-7B6D-4603-A38C-9D645831D687}.Release|x86.ActiveCfg = Release|Any CPU
		{90E425FA-E6BC-4CE1-9E12-746177CF13BA}.Debug|Any CPU.ActiveCfg = Debug|x64
		{90E425FA-E6BC-4CE1-9E12-746177CF13BA}.Debug|Any CPU.Build.0 = Debug|x64
		{90E425FA-E6BC-4CE1-9E12-746177CF13BA}.Debug|x64.ActiveCfg = Debug|x64
		{90E425FA-E6BC-4CE1-9E12-746177CF13BA}.Debug|x64.Build.0 = Debug|x64
		{90E425FA-E6BC-4CE1-9E12-746177CF13BA}.Debug|x86.ActiveCfg = Debug|Win32
		{90E425FA-E6BC-4CE1-9E12-746177CF13BA}.Debug|x86.Build.0 = Debug|Win32
		{90E425FA-E6BC-4CE1-9E12-746177CF13BA}.Release|Any CPU.ActiveCfg = Release|x64
		{90E425FA-E6BC-4CE1-9E12-746177CF13BA}.Release|Any CPU.Build.0 = Release|x64
		{90E425FA-E6BC-4CE1-9E12-746177CF13BA}.Release|x64.ActiveCfg = Release|x64
		{90E425FA-E6BC-4CE1-9E12-746177CF13BA}.Release|x64.Build.0 = Release|x64
		{90E425FA-E6BC-4CE1-9E12-746177CF13BA}.Release|x86.ActiveCfg = Release|Win32
		{90E425FA-E6BC-4CE1-9E12-746177CF13BA}.Release|x86.Build.0 = Release|Win32
		{D10E3B0E-60BB-4908-9EA5-C20733140BE5}.Debug|Any CPU.ActiveCfg = Debug|Any CPU
		{D10E3B0E-60BB-4908-9EA5-C20733140BE5}.Debug|x64.ActiveCfg = Debug|Any CPU
		{D10E3B0E-60BB-4908-9EA5-C20733140BE5}.Debug|x86.ActiveCfg = Debug|Any CPU
		{D10E3B0E-60BB-4908-9EA5-C20733140BE5}.Release|Any CPU.ActiveCfg = Release|Any CPU
		{D10E3B0E-60BB-4908-9EA5-C20733140BE5}.Release|x64.ActiveCfg = Release|Any CPU
		{D10E3B0E-60BB-4908-9EA5-C20733140BE5}.Release|x86.ActiveCfg = Release|Any CPU
		{E0E42EC6-AD2B-439B-8473-F0670EBD8E93}.Debug|Any CPU.ActiveCfg = Debug|x64
		{E0E42EC6-AD2B-439B-8473-F0670EBD8E93}.Debug|Any CPU.Build.0 = Debug|x64
		{E0E42EC6-AD2B-439B-8473-F0670EBD8E93}.Debug|x64.ActiveCfg = Debug|x64
		{E0E42EC6-AD2B-439B-8473-F0670EBD8E93}.Debug|x64.Build.0 = Debug|x64
		{E0E42EC6-AD2B-439B-8473-F0670EBD8E93}.Debug|x86.ActiveCfg = Debug|Win32
		{E0E42EC6-AD2B-439B-8473-F0670EBD8E93}.Debug|x86.Build.0 = Debug|Win32
		{E0E42EC6-AD2B-439B-8473-F0670EBD8E93}.Release|Any CPU.ActiveCfg = Release|x64
		{E0E42EC6-AD2B-439B-8473-F0670EBD8E93}.Release|Any CPU.Build.0 = Release|x64
		{E0E42EC6-AD2B-439B-8473-F0670EBD8E93}.Release|x64.ActiveCfg = Release|x64
		{E0E42EC6-AD2B-439B-8473-F0670EBD8E93}.Release|x64.Build.0 = Release|x64
		{E0E42EC6-AD2B-439B-8473-F0670EBD8E93}.Release|x86.ActiveCfg = Release|Win32
		{E0E42EC6-AD2B-439B-8473-F0670EBD8E93}.Release|x86.Build.0 = Release|Win32
	EndGlobalSection
	GlobalSection(SolutionProperties) = preSolution
		HideSolutionNode = FALSE
	EndGlobalSection
	GlobalSection(NestedProjects) = preSolution
		{CB7721F2-7AF3-4CF2-8DA7-5DCDC7CBB581} = {AB3AF8FA-0526-45D7-9AEA-4D77F3D1E14D}
		{E4C3A025-E264-438A-8865-9E767D5F71EC} = {AB3AF8FA-0526-45D7-9AEA-4D77F3D1E14D}
		{6417BD23-F6BB-4192-B774-5BDA779505DD} = {AB3AF8FA-0526-45D7-9AEA-4D77F3D1E14D}
		{E4386CF5-5330-47F2-AF8B-BD440B6F5B58} = {AB3AF8FA-0526-45D7-9AEA-4D77F3D1E14D}
		{1A831D77-290E-407F-A0C7-3247EC5332F1} = {AB3AF8FA-0526-45D7-9AEA-4D77F3D1E14D}
		{9B024940-4695-4FB6-946A-551703A33EA1} = {AB3AF8FA-0526-45D7-9AEA-4D77F3D1E14D}
		{C1D29949-57F2-4471-9386-8FB8FB7DA03B} = {AB3AF8FA-0526-45D7-9AEA-4D77F3D1E14D}
		{CB1A74D9-1A35-415A-865D-918C2AE1AB5D} = {AB3AF8FA-0526-45D7-9AEA-4D77F3D1E14D}
		{A6BEB07C-F50C-4E37-9FEC-A324485CF770} = {AB3AF8FA-0526-45D7-9AEA-4D77F3D1E14D}
		{0A591D1B-9285-4D51-8C41-6190F0AB09E6} = {AB3AF8FA-0526-45D7-9AEA-4D77F3D1E14D}
		{9195D260-DBA0-4875-B7A2-2EF384A8FA42} = {AB3AF8FA-0526-45D7-9AEA-4D77F3D1E14D}
		{EA781BA9-171E-43E1-91D1-D91776B95564} = {AB3AF8FA-0526-45D7-9AEA-4D77F3D1E14D}
		{1A046D2D-0198-4564-B27B-7B95E073795D} = {EED1BFD7-09B6-4BCC-B5C3-3F9F924560AC}
		{198D2A7A-0765-4AB0-B74B-67B3CB9AF316} = {EED1BFD7-09B6-4BCC-B5C3-3F9F924560AC}
		{CE493B00-9419-4AE5-81FC-9F70E9CF17AE} = {EED1BFD7-09B6-4BCC-B5C3-3F9F924560AC}
		{0FC1B83F-ADFD-4334-B5C2-B8D800EECED5} = {EED1BFD7-09B6-4BCC-B5C3-3F9F924560AC}
		{626AA771-4433-482F-95DA-1C4616A6547B} = {EED1BFD7-09B6-4BCC-B5C3-3F9F924560AC}
		{BF0E2A87-7B6D-4603-A38C-9D645831D687} = {EED1BFD7-09B6-4BCC-B5C3-3F9F924560AC}
		{90E425FA-E6BC-4CE1-9E12-746177CF13BA} = {736569FC-0A45-4262-8984-EC19836A6757}
		{D10E3B0E-60BB-4908-9EA5-C20733140BE5} = {736569FC-0A45-4262-8984-EC19836A6757}
		{E0E42EC6-AD2B-439B-8473-F0670EBD8E93} = {736569FC-0A45-4262-8984-EC19836A6757}
	EndGlobalSection
	GlobalSection(ExtensibilityGlobals) = postSolution
		SolutionGuid = {A46EA54D-802A-436E-A651-8DC37E4DCC7E}
	EndGlobalSection
EndGlobal
