
Microsoft Visual Studio Solution File, Format Version 12.00
# Visual Studio Version 17
VisualStudioVersion = 17.3.32804.467
MinimumVisualStudioVersion = 10.0.40219.1
Project("{8BC9CEB8-8B4A-11D0-8D11-00A0C91BC942}") = "LinearCPP", "LinearCPP\LinearCPP.vcxproj", "{CB7721F2-7AF3-4CF2-8DA7-5DCDC7CBB581}"
EndProject
Project("{888888A0-9F3D-457C-B088-3A5042F75D52}") = "LinearPython", "LinearPython\LinearPython.pyproj", "{E4C3A025-E264-438A-8865-9E767D5F71EC}"
EndProject
Project("{8BC9CEB8-8B4A-11D0-8D11-00A0C91BC942}") = "RoutinesCPP", "RoutinesCPP\RoutinesCPP.vcxproj", "{6417BD23-F6BB-4192-B774-5BDA779505DD}"
EndProject
Project("{888888A0-9F3D-457C-B088-3A5042F75D52}") = "RoutinesPython", "RoutinesPython\RoutinesPython.pyproj", "{E4386CF5-5330-47F2-AF8B-BD440B6F5B58}"
EndProject
Project("{2150E333-8FDC-42A3-9474-1A3956D46DE8}") = "1st_semester", "1st_semester", "{AB3AF8FA-0526-45D7-9AEA-4D77F3D1E14D}"
EndProject
Project("{8BC9CEB8-8B4A-11D0-8D11-00A0C91BC942}") = "ClassesCPP", "ClassesCPP\ClassesCPP.vcxproj", "{1A831D77-290E-407F-A0C7-3247EC5332F1}"
EndProject
Project("{888888A0-9F3D-457C-B088-3A5042F75D52}") = "ClassesPython", "ClassesPython\ClassesPython.pyproj", "{9B024940-4695-4FB6-946A-551703A33EA1}"
EndProject
Project("{8BC9CEB8-8B4A-11D0-8D11-00A0C91BC942}") = "ConstructAndDestructCPP", "ConstructAndDestructCPP\ConstructAndDestructCPP.vcxproj", "{C1D29949-57F2-4471-9386-8FB8FB7DA03B}"
EndProject
Global
	GlobalSection(SolutionConfigurationPlatforms) = preSolution
		Debug|Any CPU = Debug|Any CPU
		Debug|x64 = Debug|x64
		Debug|x86 = Debug|x86
		Release|Any CPU = Release|Any CPU
		Release|x64 = Release|x64
		Release|x86 = Release|x86
	EndGlobalSection
	GlobalSection(ProjectConfigurationPlatforms) = postSolution
		{CB7721F2-7AF3-4CF2-8DA7-5DCDC7CBB581}.Debug|Any CPU.ActiveCfg = Debug|x64
		{CB7721F2-7AF3-4CF2-8DA7-5DCDC7CBB581}.Debug|Any CPU.Build.0 = Debug|x64
		{CB7721F2-7AF3-4CF2-8DA7-5DCDC7CBB581}.Debug|x64.ActiveCfg = Debug|x64
		{CB7721F2-7AF3-4CF2-8DA7-5DCDC7CBB581}.Debug|x64.Build.0 = Debug|x64
		{CB7721F2-7AF3-4CF2-8DA7-5DCDC7CBB581}.Debug|x86.ActiveCfg = Debug|Win32
		{CB7721F2-7AF3-4CF2-8DA7-5DCDC7CBB581}.Debug|x86.Build.0 = Debug|Win32
		{CB7721F2-7AF3-4CF2-8DA7-5DCDC7CBB581}.Release|Any CPU.ActiveCfg = Release|x64
		{CB7721F2-7AF3-4CF2-8DA7-5DCDC7CBB581}.Release|Any CPU.Build.0 = Release|x64
		{CB7721F2-7AF3-4CF2-8DA7-5DCDC7CBB581}.Release|x64.ActiveCfg = Release|x64
		{CB7721F2-7AF3-4CF2-8DA7-5DCDC7CBB581}.Release|x64.Build.0 = Release|x64
		{CB7721F2-7AF3-4CF2-8DA7-5DCDC7CBB581}.Release|x86.ActiveCfg = Release|Win32
		{CB7721F2-7AF3-4CF2-8DA7-5DCDC7CBB581}.Release|x86.Build.0 = Release|Win32
		{E4C3A025-E264-438A-8865-9E767D5F71EC}.Debug|Any CPU.ActiveCfg = Debug|Any CPU
		{E4C3A025-E264-438A-8865-9E767D5F71EC}.Debug|x64.ActiveCfg = Debug|Any CPU
		{E4C3A025-E264-438A-8865-9E767D5F71EC}.Debug|x86.ActiveCfg = Debug|Any CPU
		{E4C3A025-E264-438A-8865-9E767D5F71EC}.Release|Any CPU.ActiveCfg = Release|Any CPU
		{E4C3A025-E264-438A-8865-9E767D5F71EC}.Release|x64.ActiveCfg = Release|Any CPU
		{E4C3A025-E264-438A-8865-9E767D5F71EC}.Release|x86.ActiveCfg = Release|Any CPU
		{6417BD23-F6BB-4192-B774-5BDA779505DD}.Debug|Any CPU.ActiveCfg = Debug|x64
		{6417BD23-F6BB-4192-B774-5BDA779505DD}.Debug|Any CPU.Build.0 = Debug|x64
		{6417BD23-F6BB-4192-B774-5BDA779505DD}.Debug|x64.ActiveCfg = Debug|x64
		{6417BD23-F6BB-4192-B774-5BDA779505DD}.Debug|x64.Build.0 = Debug|x64
		{6417BD23-F6BB-4192-B774-5BDA779505DD}.Debug|x86.ActiveCfg = Debug|Win32
		{6417BD23-F6BB-4192-B774-5BDA779505DD}.Debug|x86.Build.0 = Debug|Win32
		{6417BD23-F6BB-4192-B774-5BDA779505DD}.Release|Any CPU.ActiveCfg = Release|x64
		{6417BD23-F6BB-4192-B774-5BDA779505DD}.Release|Any CPU.Build.0 = Release|x64
		{6417BD23-F6BB-4192-B774-5BDA779505DD}.Release|x64.ActiveCfg = Release|x64
		{6417BD23-F6BB-4192-B774-5BDA779505DD}.Release|x64.Build.0 = Release|x64
		{6417BD23-F6BB-4192-B774-5BDA779505DD}.Release|x86.ActiveCfg = Release|Win32
		{6417BD23-F6BB-4192-B774-5BDA779505DD}.Release|x86.Build.0 = Release|Win32
		{E4386CF5-5330-47F2-AF8B-BD440B6F5B58}.Debug|Any CPU.ActiveCfg = Debug|Any CPU
		{E4386CF5-5330-47F2-AF8B-BD440B6F5B58}.Debug|x64.ActiveCfg = Debug|Any CPU
		{E4386CF5-5330-47F2-AF8B-BD440B6F5B58}.Debug|x86.ActiveCfg = Debug|Any CPU
		{E4386CF5-5330-47F2-AF8B-BD440B6F5B58}.Release|Any CPU.ActiveCfg = Release|Any CPU
		{E4386CF5-5330-47F2-AF8B-BD440B6F5B58}.Release|x64.ActiveCfg = Release|Any CPU
		{E4386CF5-5330-47F2-AF8B-BD440B6F5B58}.Release|x86.ActiveCfg = Release|Any CPU
		{1A831D77-290E-407F-A0C7-3247EC5332F1}.Debug|Any CPU.ActiveCfg = Debug|x64
		{1A831D77-290E-407F-A0C7-3247EC5332F1}.Debug|Any CPU.Build.0 = Debug|x64
		{1A831D77-290E-407F-A0C7-3247EC5332F1}.Debug|x64.ActiveCfg = Debug|x64
		{1A831D77-290E-407F-A0C7-3247EC5332F1}.Debug|x64.Build.0 = Debug|x64
		{1A831D77-290E-407F-A0C7-3247EC5332F1}.Debug|x86.ActiveCfg = Debug|Win32
		{1A831D77-290E-407F-A0C7-3247EC5332F1}.Debug|x86.Build.0 = Debug|Win32
		{1A831D77-290E-407F-A0C7-3247EC5332F1}.Release|Any CPU.ActiveCfg = Release|x64
		{1A831D77-290E-407F-A0C7-3247EC5332F1}.Release|Any CPU.Build.0 = Release|x64
		{1A831D77-290E-407F-A0C7-3247EC5332F1}.Release|x64.ActiveCfg = Release|x64
		{1A831D77-290E-407F-A0C7-3247EC5332F1}.Release|x64.Build.0 = Release|x64
		{1A831D77-290E-407F-A0C7-3247EC5332F1}.Release|x86.ActiveCfg = Release|Win32
		{1A831D77-290E-407F-A0C7-3247EC5332F1}.Release|x86.Build.0 = Release|Win32
		{9B024940-4695-4FB6-946A-551703A33EA1}.Debug|Any CPU.ActiveCfg = Debug|Any CPU
		{9B024940-4695-4FB6-946A-551703A33EA1}.Debug|x64.ActiveCfg = Debug|Any CPU
		{9B024940-4695-4FB6-946A-551703A33EA1}.Debug|x86.ActiveCfg = Debug|Any CPU
		{9B024940-4695-4FB6-946A-551703A33EA1}.Release|Any CPU.ActiveCfg = Release|Any CPU
		{9B024940-4695-4FB6-946A-551703A33EA1}.Release|x64.ActiveCfg = Release|Any CPU
		{9B024940-4695-4FB6-946A-551703A33EA1}.Release|x86.ActiveCfg = Release|Any CPU
		{C1D29949-57F2-4471-9386-8FB8FB7DA03B}.Debug|Any CPU.ActiveCfg = Debug|x64
		{C1D29949-57F2-4471-9386-8FB8FB7DA03B}.Debug|Any CPU.Build.0 = Debug|x64
		{C1D29949-57F2-4471-9386-8FB8FB7DA03B}.Debug|x64.ActiveCfg = Debug|x64
		{C1D29949-57F2-4471-9386-8FB8FB7DA03B}.Debug|x64.Build.0 = Debug|x64
		{C1D29949-57F2-4471-9386-8FB8FB7DA03B}.Debug|x86.ActiveCfg = Debug|Win32
		{C1D29949-57F2-4471-9386-8FB8FB7DA03B}.Debug|x86.Build.0 = Debug|Win32
		{C1D29949-57F2-4471-9386-8FB8FB7DA03B}.Release|Any CPU.ActiveCfg = Release|x64
		{C1D29949-57F2-4471-9386-8FB8FB7DA03B}.Release|Any CPU.Build.0 = Release|x64
		{C1D29949-57F2-4471-9386-8FB8FB7DA03B}.Release|x64.ActiveCfg = Release|x64
		{C1D29949-57F2-4471-9386-8FB8FB7DA03B}.Release|x64.Build.0 = Release|x64
		{C1D29949-57F2-4471-9386-8FB8FB7DA03B}.Release|x86.ActiveCfg = Release|Win32
		{C1D29949-57F2-4471-9386-8FB8FB7DA03B}.Release|x86.Build.0 = Release|Win32
	EndGlobalSection
	GlobalSection(SolutionProperties) = preSolution
		HideSolutionNode = FALSE
	EndGlobalSection
	GlobalSection(NestedProjects) = preSolution
		{CB7721F2-7AF3-4CF2-8DA7-5DCDC7CBB581} = {AB3AF8FA-0526-45D7-9AEA-4D77F3D1E14D}
		{E4C3A025-E264-438A-8865-9E767D5F71EC} = {AB3AF8FA-0526-45D7-9AEA-4D77F3D1E14D}
		{6417BD23-F6BB-4192-B774-5BDA779505DD} = {AB3AF8FA-0526-45D7-9AEA-4D77F3D1E14D}
		{E4386CF5-5330-47F2-AF8B-BD440B6F5B58} = {AB3AF8FA-0526-45D7-9AEA-4D77F3D1E14D}
		{1A831D77-290E-407F-A0C7-3247EC5332F1} = {AB3AF8FA-0526-45D7-9AEA-4D77F3D1E14D}
		{9B024940-4695-4FB6-946A-551703A33EA1} = {AB3AF8FA-0526-45D7-9AEA-4D77F3D1E14D}
		{C1D29949-57F2-4471-9386-8FB8FB7DA03B} = {AB3AF8FA-0526-45D7-9AEA-4D77F3D1E14D}
	EndGlobalSection
	GlobalSection(ExtensibilityGlobals) = postSolution
		SolutionGuid = {A46EA54D-802A-436E-A651-8DC37E4DCC7E}
	EndGlobalSection
EndGlobal
